// !$*UTF8*$!
{
	archiveVersion = 1;
	classes = {
	};
	objectVersion = 56;
	objects = {

/* Begin PBXBuildFile section */
		22E0DFC593289289E32B84B2 /* Pods_hollyfood.framework in Frameworks */ = {isa = PBXBuildFile; fileRef = 3B65FEED53BF6C061D261E78 /* Pods_hollyfood.framework */; };
		69AF55872961BCE1002A619E /* ImagePicker.swift in Sources */ = {isa = PBXBuildFile; fileRef = 69AF55862961BCE1002A619E /* ImagePicker.swift */; };
		EF09907A293EAC2C006785F8 /* AddToCart.swift in Sources */ = {isa = PBXBuildFile; fileRef = EF099079293EAC2C006785F8 /* AddToCart.swift */; };
		EF09907C293EFBF5006785F8 /* Order.swift in Sources */ = {isa = PBXBuildFile; fileRef = EF09907B293EFBF5006785F8 /* Order.swift */; };
		EF15DEC22947BD0600ECC3FB /* EditPlate.swift in Sources */ = {isa = PBXBuildFile; fileRef = EF15DEC12947BD0600ECC3FB /* EditPlate.swift */; };
		EF1E07A2294750B70055D7C7 /* ViewController.swift in Sources */ = {isa = PBXBuildFile; fileRef = EF1E07A0294750B70055D7C7 /* ViewController.swift */; };
		EF1E07A3294750B70055D7C7 /* Main.storyboard in Resources */ = {isa = PBXBuildFile; fileRef = EF1E07A1294750B70055D7C7 /* Main.storyboard */; };
		EF1E07A5294751D20055D7C7 /* GoogleAuthentification.swift in Sources */ = {isa = PBXBuildFile; fileRef = EF1E07A4294751D20055D7C7 /* GoogleAuthentification.swift */; };
		EF1EA7DD292572E200E83D6A /* hollyfoodApp.swift in Sources */ = {isa = PBXBuildFile; fileRef = EF1EA7DC292572E200E83D6A /* hollyfoodApp.swift */; };
		EF1EA7DF292572E200E83D6A /* ContentView.swift in Sources */ = {isa = PBXBuildFile; fileRef = EF1EA7DE292572E200E83D6A /* ContentView.swift */; };
		EF1EA7E1292572E300E83D6A /* Assets.xcassets in Resources */ = {isa = PBXBuildFile; fileRef = EF1EA7E0292572E300E83D6A /* Assets.xcassets */; };
		EF1EA7E4292572E300E83D6A /* Preview Assets.xcassets in Resources */ = {isa = PBXBuildFile; fileRef = EF1EA7E3292572E300E83D6A /* Preview Assets.xcassets */; };
		EF1EA7E6292572E300E83D6A /* Persistence.swift in Sources */ = {isa = PBXBuildFile; fileRef = EF1EA7E5292572E300E83D6A /* Persistence.swift */; };
		EF1EA7E9292572E300E83D6A /* hollyfood.xcdatamodeld in Sources */ = {isa = PBXBuildFile; fileRef = EF1EA7E7292572E300E83D6A /* hollyfood.xcdatamodeld */; };
		EF1EA7F3292572E300E83D6A /* hollyfoodTests.swift in Sources */ = {isa = PBXBuildFile; fileRef = EF1EA7F2292572E300E83D6A /* hollyfoodTests.swift */; };
		EF1EA7FD292572E300E83D6A /* hollyfoodUITests.swift in Sources */ = {isa = PBXBuildFile; fileRef = EF1EA7FC292572E300E83D6A /* hollyfoodUITests.swift */; };
		EF1EA7FF292572E300E83D6A /* hollyfoodUITestsLaunchTests.swift in Sources */ = {isa = PBXBuildFile; fileRef = EF1EA7FE292572E300E83D6A /* hollyfoodUITestsLaunchTests.swift */; };
		EF1EA80F2925746D00E83D6A /* UserViewModel.swift in Sources */ = {isa = PBXBuildFile; fileRef = EF1EA80E2925746D00E83D6A /* UserViewModel.swift */; };
		EF1EA8112925747700E83D6A /* User.swift in Sources */ = {isa = PBXBuildFile; fileRef = EF1EA8102925747700E83D6A /* User.swift */; };
		EF1EA8172925839400E83D6A /* Authentification.swift in Sources */ = {isa = PBXBuildFile; fileRef = EF1EA8162925839400E83D6A /* Authentification.swift */; };
		EF2518DF2927ECEE00F9DBD9 /* Restaurants.swift in Sources */ = {isa = PBXBuildFile; fileRef = EF2518DE2927ECEE00F9DBD9 /* Restaurants.swift */; };
		EF2518E12927ED0F00F9DBD9 /* MyRestaurants.swift in Sources */ = {isa = PBXBuildFile; fileRef = EF2518E02927ED0F00F9DBD9 /* MyRestaurants.swift */; };
		EF502E802954791300CE6B5F /* Translation.swift in Sources */ = {isa = PBXBuildFile; fileRef = EF502E7F2954791300CE6B5F /* Translation.swift */; };
		EF73D84C2933D26700493C41 /* ChangePassword.swift in Sources */ = {isa = PBXBuildFile; fileRef = EF73D84B2933D26700493C41 /* ChangePassword.swift */; };
		EF77E74C292FD43D00ABEA9B /* ForgotPassword.swift in Sources */ = {isa = PBXBuildFile; fileRef = EF77E74B292FD43D00ABEA9B /* ForgotPassword.swift */; };
		EF77E74E292FE89800ABEA9B /* ResetPassword.swift in Sources */ = {isa = PBXBuildFile; fileRef = EF77E74D292FE89800ABEA9B /* ResetPassword.swift */; };
		EF77E750292FF31900ABEA9B /* CodeVerification.swift in Sources */ = {isa = PBXBuildFile; fileRef = EF77E74F292FF31900ABEA9B /* CodeVerification.swift */; };
		EF7BFE6F2940D9C6006FC7CC /* OrderViewModel.swift in Sources */ = {isa = PBXBuildFile; fileRef = EF7BFE6E2940D9C6006FC7CC /* OrderViewModel.swift */; };
		EF84064D2935F6A6000C380D /* Tab.swift in Sources */ = {isa = PBXBuildFile; fileRef = EF84064C2935F6A6000C380D /* Tab.swift */; };
		EF88C6932930EAB6002600C2 /* VerifyAccount.swift in Sources */ = {isa = PBXBuildFile; fileRef = EF88C6922930EAB6002600C2 /* VerifyAccount.swift */; };
		EF94E1F7293BACFF00332CB2 /* PlateDetailShape.swift in Sources */ = {isa = PBXBuildFile; fileRef = EF94E1F6293BACFF00332CB2 /* PlateDetailShape.swift */; };
		EF94E1FB293BC3B700332CB2 /* PlateViewModel.swift in Sources */ = {isa = PBXBuildFile; fileRef = EF94E1FA293BC3B700332CB2 /* PlateViewModel.swift */; };
		EF94E1FF293BC63E00332CB2 /* AddPlate.swift in Sources */ = {isa = PBXBuildFile; fileRef = EF94E1FE293BC63E00332CB2 /* AddPlate.swift */; };
		EF94E201293BD60900332CB2 /* Cart.swift in Sources */ = {isa = PBXBuildFile; fileRef = EF94E200293BD60900332CB2 /* Cart.swift */; };
		EF94E205293BDFA200332CB2 /* CartViewModel.swift in Sources */ = {isa = PBXBuildFile; fileRef = EF94E204293BDFA200332CB2 /* CartViewModel.swift */; };
		EFBAC425292BDA1B00F44908 /* EditProfile.swift in Sources */ = {isa = PBXBuildFile; fileRef = EFBAC424292BDA1B00F44908 /* EditProfile.swift */; };
		EFC01AE429439B4D00928014 /* OrderHistory.swift in Sources */ = {isa = PBXBuildFile; fileRef = EFC01AE329439B4D00928014 /* OrderHistory.swift */; };
		EFC01AE629439E8400928014 /* OrderRowView.swift in Sources */ = {isa = PBXBuildFile; fileRef = EFC01AE529439E8400928014 /* OrderRowView.swift */; };
		EFC01AE829439F6400928014 /* Restaurant.swift in Sources */ = {isa = PBXBuildFile; fileRef = EFC01AE729439F6400928014 /* Restaurant.swift */; };
		EFC08E0C2946198500971B61 /* OrderDetail.swift in Sources */ = {isa = PBXBuildFile; fileRef = EFC08E0B2946198500971B61 /* OrderDetail.swift */; };
		EFC08E1229466C1500971B61 /* RestaurantViewModel.swift in Sources */ = {isa = PBXBuildFile; fileRef = EFC08E1129466C1500971B61 /* RestaurantViewModel.swift */; };
		EFC08E142946866B00971B61 /* MenuQRCode.swift in Sources */ = {isa = PBXBuildFile; fileRef = EFC08E132946866B00971B61 /* MenuQRCode.swift */; };
		EFD67CA1293E20D1009500A6 /* Orderline.swift in Sources */ = {isa = PBXBuildFile; fileRef = EFD67CA0293E20D1009500A6 /* Orderline.swift */; };
		EFD67CA3293E3352009500A6 /* OrderlineViewModel.swift in Sources */ = {isa = PBXBuildFile; fileRef = EFD67CA2293E3352009500A6 /* OrderlineViewModel.swift */; };
		EFD67CA7293E3595009500A6 /* CartItem.swift in Sources */ = {isa = PBXBuildFile; fileRef = EFD67CA6293E3595009500A6 /* CartItem.swift */; };
		EFD67CAB293E7EE4009500A6 /* CustomCorner.swift in Sources */ = {isa = PBXBuildFile; fileRef = EFD67CAA293E7EE4009500A6 /* CustomCorner.swift */; };
		EFE98A7029520BB200C27FCD /* Settings.swift in Sources */ = {isa = PBXBuildFile; fileRef = EFE98A6F29520BB200C27FCD /* Settings.swift */; };
		EFEC600D2937D71200E34C58 /* Menu.swift in Sources */ = {isa = PBXBuildFile; fileRef = EFEC600C2937D71200E34C58 /* Menu.swift */; };
		EFEC60132937D83900E34C58 /* CategoryButton.swift in Sources */ = {isa = PBXBuildFile; fileRef = EFEC60122937D83900E34C58 /* CategoryButton.swift */; };
		EFF76FBF2937E6A20018A2FF /* Plate.swift in Sources */ = {isa = PBXBuildFile; fileRef = EFF76FBE2937E6A20018A2FF /* Plate.swift */; };
		EFF76FC12937E9B40018A2FF /* PlateItem.swift in Sources */ = {isa = PBXBuildFile; fileRef = EFF76FC02937E9B40018A2FF /* PlateItem.swift */; };
		EFFC56EE2926C65F003D2134 /* Statics.swift in Sources */ = {isa = PBXBuildFile; fileRef = EFFC56ED2926C65F003D2134 /* Statics.swift */; };
/* End PBXBuildFile section */

/* Begin PBXContainerItemProxy section */
		EF1EA7EF292572E300E83D6A /* PBXContainerItemProxy */ = {
			isa = PBXContainerItemProxy;
			containerPortal = EF1EA7D1292572E200E83D6A /* Project object */;
			proxyType = 1;
			remoteGlobalIDString = EF1EA7D8292572E200E83D6A;
			remoteInfo = hollyfood;
		};
		EF1EA7F9292572E300E83D6A /* PBXContainerItemProxy */ = {
			isa = PBXContainerItemProxy;
			containerPortal = EF1EA7D1292572E200E83D6A /* Project object */;
			proxyType = 1;
			remoteGlobalIDString = EF1EA7D8292572E200E83D6A;
			remoteInfo = hollyfood;
		};
/* End PBXContainerItemProxy section */

/* Begin PBXFileReference section */
		3B65FEED53BF6C061D261E78 /* Pods_hollyfood.framework */ = {isa = PBXFileReference; explicitFileType = wrapper.framework; includeInIndex = 0; path = Pods_hollyfood.framework; sourceTree = BUILT_PRODUCTS_DIR; };
		69AF55862961BCE1002A619E /* ImagePicker.swift */ = {isa = PBXFileReference; lastKnownFileType = sourcecode.swift; path = ImagePicker.swift; sourceTree = "<group>"; };
		9DFD2BC07066C504EA1F9278 /* Pods-hollyfood.debug.xcconfig */ = {isa = PBXFileReference; includeInIndex = 1; lastKnownFileType = text.xcconfig; name = "Pods-hollyfood.debug.xcconfig"; path = "Target Support Files/Pods-hollyfood/Pods-hollyfood.debug.xcconfig"; sourceTree = "<group>"; };
		C3D0185CCF59D047465FB350 /* Pods-hollyfood.release.xcconfig */ = {isa = PBXFileReference; includeInIndex = 1; lastKnownFileType = text.xcconfig; name = "Pods-hollyfood.release.xcconfig"; path = "Target Support Files/Pods-hollyfood/Pods-hollyfood.release.xcconfig"; sourceTree = "<group>"; };
		EF099079293EAC2C006785F8 /* AddToCart.swift */ = {isa = PBXFileReference; lastKnownFileType = sourcecode.swift; path = AddToCart.swift; sourceTree = "<group>"; };
		EF09907B293EFBF5006785F8 /* Order.swift */ = {isa = PBXFileReference; lastKnownFileType = sourcecode.swift; path = Order.swift; sourceTree = "<group>"; };
		EF15DEC12947BD0600ECC3FB /* EditPlate.swift */ = {isa = PBXFileReference; lastKnownFileType = sourcecode.swift; path = EditPlate.swift; sourceTree = "<group>"; };
		EF1E07A0294750B70055D7C7 /* ViewController.swift */ = {isa = PBXFileReference; fileEncoding = 4; lastKnownFileType = sourcecode.swift; path = ViewController.swift; sourceTree = "<group>"; };
		EF1E07A1294750B70055D7C7 /* Main.storyboard */ = {isa = PBXFileReference; fileEncoding = 4; lastKnownFileType = file.storyboard; path = Main.storyboard; sourceTree = "<group>"; };
		EF1E07A4294751D20055D7C7 /* GoogleAuthentification.swift */ = {isa = PBXFileReference; lastKnownFileType = sourcecode.swift; path = GoogleAuthentification.swift; sourceTree = "<group>"; };
		EF1EA7D9292572E200E83D6A /* hollyfood.app */ = {isa = PBXFileReference; explicitFileType = wrapper.application; includeInIndex = 0; path = hollyfood.app; sourceTree = BUILT_PRODUCTS_DIR; };
		EF1EA7DC292572E200E83D6A /* hollyfoodApp.swift */ = {isa = PBXFileReference; lastKnownFileType = sourcecode.swift; path = hollyfoodApp.swift; sourceTree = "<group>"; };
		EF1EA7DE292572E200E83D6A /* ContentView.swift */ = {isa = PBXFileReference; lastKnownFileType = sourcecode.swift; path = ContentView.swift; sourceTree = "<group>"; };
		EF1EA7E0292572E300E83D6A /* Assets.xcassets */ = {isa = PBXFileReference; lastKnownFileType = folder.assetcatalog; path = Assets.xcassets; sourceTree = "<group>"; };
		EF1EA7E3292572E300E83D6A /* Preview Assets.xcassets */ = {isa = PBXFileReference; lastKnownFileType = folder.assetcatalog; path = "Preview Assets.xcassets"; sourceTree = "<group>"; };
		EF1EA7E5292572E300E83D6A /* Persistence.swift */ = {isa = PBXFileReference; lastKnownFileType = sourcecode.swift; path = Persistence.swift; sourceTree = "<group>"; };
		EF1EA7E8292572E300E83D6A /* hollyfood.xcdatamodel */ = {isa = PBXFileReference; lastKnownFileType = wrapper.xcdatamodel; path = hollyfood.xcdatamodel; sourceTree = "<group>"; };
		EF1EA7EE292572E300E83D6A /* hollyfoodTests.xctest */ = {isa = PBXFileReference; explicitFileType = wrapper.cfbundle; includeInIndex = 0; path = hollyfoodTests.xctest; sourceTree = BUILT_PRODUCTS_DIR; };
		EF1EA7F2292572E300E83D6A /* hollyfoodTests.swift */ = {isa = PBXFileReference; lastKnownFileType = sourcecode.swift; path = hollyfoodTests.swift; sourceTree = "<group>"; };
		EF1EA7F8292572E300E83D6A /* hollyfoodUITests.xctest */ = {isa = PBXFileReference; explicitFileType = wrapper.cfbundle; includeInIndex = 0; path = hollyfoodUITests.xctest; sourceTree = BUILT_PRODUCTS_DIR; };
		EF1EA7FC292572E300E83D6A /* hollyfoodUITests.swift */ = {isa = PBXFileReference; lastKnownFileType = sourcecode.swift; path = hollyfoodUITests.swift; sourceTree = "<group>"; };
		EF1EA7FE292572E300E83D6A /* hollyfoodUITestsLaunchTests.swift */ = {isa = PBXFileReference; lastKnownFileType = sourcecode.swift; path = hollyfoodUITestsLaunchTests.swift; sourceTree = "<group>"; };
		EF1EA80E2925746D00E83D6A /* UserViewModel.swift */ = {isa = PBXFileReference; lastKnownFileType = sourcecode.swift; path = UserViewModel.swift; sourceTree = "<group>"; };
		EF1EA8102925747700E83D6A /* User.swift */ = {isa = PBXFileReference; lastKnownFileType = sourcecode.swift; path = User.swift; sourceTree = "<group>"; };
		EF1EA8162925839400E83D6A /* Authentification.swift */ = {isa = PBXFileReference; lastKnownFileType = sourcecode.swift; path = Authentification.swift; sourceTree = "<group>"; };
		EF2518DE2927ECEE00F9DBD9 /* Restaurants.swift */ = {isa = PBXFileReference; lastKnownFileType = sourcecode.swift; path = Restaurants.swift; sourceTree = "<group>"; };
		EF2518E02927ED0F00F9DBD9 /* MyRestaurants.swift */ = {isa = PBXFileReference; lastKnownFileType = sourcecode.swift; path = MyRestaurants.swift; sourceTree = "<group>"; };
		EF502E7F2954791300CE6B5F /* Translation.swift */ = {isa = PBXFileReference; lastKnownFileType = sourcecode.swift; path = Translation.swift; sourceTree = "<group>"; };
		EF73D84B2933D26700493C41 /* ChangePassword.swift */ = {isa = PBXFileReference; lastKnownFileType = sourcecode.swift; path = ChangePassword.swift; sourceTree = "<group>"; };
		EF77E74B292FD43D00ABEA9B /* ForgotPassword.swift */ = {isa = PBXFileReference; lastKnownFileType = sourcecode.swift; path = ForgotPassword.swift; sourceTree = "<group>"; };
		EF77E74D292FE89800ABEA9B /* ResetPassword.swift */ = {isa = PBXFileReference; lastKnownFileType = sourcecode.swift; path = ResetPassword.swift; sourceTree = "<group>"; };
		EF77E74F292FF31900ABEA9B /* CodeVerification.swift */ = {isa = PBXFileReference; lastKnownFileType = sourcecode.swift; path = CodeVerification.swift; sourceTree = "<group>"; };
		EF7BFE6E2940D9C6006FC7CC /* OrderViewModel.swift */ = {isa = PBXFileReference; lastKnownFileType = sourcecode.swift; path = OrderViewModel.swift; sourceTree = "<group>"; };
		EF84064C2935F6A6000C380D /* Tab.swift */ = {isa = PBXFileReference; lastKnownFileType = sourcecode.swift; path = Tab.swift; sourceTree = "<group>"; };
		EF88C6922930EAB6002600C2 /* VerifyAccount.swift */ = {isa = PBXFileReference; lastKnownFileType = sourcecode.swift; path = VerifyAccount.swift; sourceTree = "<group>"; };
		EF94E1F6293BACFF00332CB2 /* PlateDetailShape.swift */ = {isa = PBXFileReference; lastKnownFileType = sourcecode.swift; path = PlateDetailShape.swift; sourceTree = "<group>"; };
		EF94E1FA293BC3B700332CB2 /* PlateViewModel.swift */ = {isa = PBXFileReference; lastKnownFileType = sourcecode.swift; path = PlateViewModel.swift; sourceTree = "<group>"; };
		EF94E1FE293BC63E00332CB2 /* AddPlate.swift */ = {isa = PBXFileReference; lastKnownFileType = sourcecode.swift; path = AddPlate.swift; sourceTree = "<group>"; };
		EF94E200293BD60900332CB2 /* Cart.swift */ = {isa = PBXFileReference; lastKnownFileType = sourcecode.swift; path = Cart.swift; sourceTree = "<group>"; };
		EF94E204293BDFA200332CB2 /* CartViewModel.swift */ = {isa = PBXFileReference; lastKnownFileType = sourcecode.swift; path = CartViewModel.swift; sourceTree = "<group>"; };
		EFBAC424292BDA1B00F44908 /* EditProfile.swift */ = {isa = PBXFileReference; lastKnownFileType = sourcecode.swift; path = EditProfile.swift; sourceTree = "<group>"; };
		EFC01AE329439B4D00928014 /* OrderHistory.swift */ = {isa = PBXFileReference; lastKnownFileType = sourcecode.swift; path = OrderHistory.swift; sourceTree = "<group>"; };
		EFC01AE529439E8400928014 /* OrderRowView.swift */ = {isa = PBXFileReference; lastKnownFileType = sourcecode.swift; path = OrderRowView.swift; sourceTree = "<group>"; };
		EFC01AE729439F6400928014 /* Restaurant.swift */ = {isa = PBXFileReference; lastKnownFileType = sourcecode.swift; path = Restaurant.swift; sourceTree = "<group>"; };
		EFC08E0B2946198500971B61 /* OrderDetail.swift */ = {isa = PBXFileReference; lastKnownFileType = sourcecode.swift; path = OrderDetail.swift; sourceTree = "<group>"; };
		EFC08E1129466C1500971B61 /* RestaurantViewModel.swift */ = {isa = PBXFileReference; lastKnownFileType = sourcecode.swift; path = RestaurantViewModel.swift; sourceTree = "<group>"; };
		EFC08E132946866B00971B61 /* MenuQRCode.swift */ = {isa = PBXFileReference; lastKnownFileType = sourcecode.swift; path = MenuQRCode.swift; sourceTree = "<group>"; };
		EFC08E152946A35E00971B61 /* Info.plist */ = {isa = PBXFileReference; lastKnownFileType = text.plist; path = Info.plist; sourceTree = "<group>"; };
		EFD67CA0293E20D1009500A6 /* Orderline.swift */ = {isa = PBXFileReference; lastKnownFileType = sourcecode.swift; path = Orderline.swift; sourceTree = "<group>"; };
		EFD67CA2293E3352009500A6 /* OrderlineViewModel.swift */ = {isa = PBXFileReference; lastKnownFileType = sourcecode.swift; path = OrderlineViewModel.swift; sourceTree = "<group>"; };
		EFD67CA6293E3595009500A6 /* CartItem.swift */ = {isa = PBXFileReference; lastKnownFileType = sourcecode.swift; path = CartItem.swift; sourceTree = "<group>"; };
		EFD67CAA293E7EE4009500A6 /* CustomCorner.swift */ = {isa = PBXFileReference; lastKnownFileType = sourcecode.swift; path = CustomCorner.swift; sourceTree = "<group>"; };
		EFE98A6F29520BB200C27FCD /* Settings.swift */ = {isa = PBXFileReference; lastKnownFileType = sourcecode.swift; path = Settings.swift; sourceTree = "<group>"; };
		EFEC600C2937D71200E34C58 /* Menu.swift */ = {isa = PBXFileReference; lastKnownFileType = sourcecode.swift; path = Menu.swift; sourceTree = "<group>"; };
		EFEC60122937D83900E34C58 /* CategoryButton.swift */ = {isa = PBXFileReference; lastKnownFileType = sourcecode.swift; path = CategoryButton.swift; sourceTree = "<group>"; };
		EFF76FBE2937E6A20018A2FF /* Plate.swift */ = {isa = PBXFileReference; lastKnownFileType = sourcecode.swift; path = Plate.swift; sourceTree = "<group>"; };
		EFF76FC02937E9B40018A2FF /* PlateItem.swift */ = {isa = PBXFileReference; lastKnownFileType = sourcecode.swift; path = PlateItem.swift; sourceTree = "<group>"; };
		EFFC56ED2926C65F003D2134 /* Statics.swift */ = {isa = PBXFileReference; lastKnownFileType = sourcecode.swift; path = Statics.swift; sourceTree = "<group>"; };
/* End PBXFileReference section */

/* Begin PBXFrameworksBuildPhase section */
		EF1EA7D6292572E200E83D6A /* Frameworks */ = {
			isa = PBXFrameworksBuildPhase;
			buildActionMask = 2147483647;
			files = (
				22E0DFC593289289E32B84B2 /* Pods_hollyfood.framework in Frameworks */,
			);
			runOnlyForDeploymentPostprocessing = 0;
		};
		EF1EA7EB292572E300E83D6A /* Frameworks */ = {
			isa = PBXFrameworksBuildPhase;
			buildActionMask = 2147483647;
			files = (
			);
			runOnlyForDeploymentPostprocessing = 0;
		};
		EF1EA7F5292572E300E83D6A /* Frameworks */ = {
			isa = PBXFrameworksBuildPhase;
			buildActionMask = 2147483647;
			files = (
			);
			runOnlyForDeploymentPostprocessing = 0;
		};
/* End PBXFrameworksBuildPhase section */

/* Begin PBXGroup section */
		34BA5A4244C1FFC5445791BE /* Frameworks */ = {
			isa = PBXGroup;
			children = (
				3B65FEED53BF6C061D261E78 /* Pods_hollyfood.framework */,
			);
			name = Frameworks;
			sourceTree = "<group>";
		};
		83DD5A52B721B354DFF23607 /* Pods */ = {
			isa = PBXGroup;
			children = (
				9DFD2BC07066C504EA1F9278 /* Pods-hollyfood.debug.xcconfig */,
				C3D0185CCF59D047465FB350 /* Pods-hollyfood.release.xcconfig */,
			);
			path = Pods;
			sourceTree = "<group>";
		};
		EF1EA7D0292572E200E83D6A = {
			isa = PBXGroup;
			children = (
				EF1EA7DB292572E200E83D6A /* hollyfood */,
				EF1EA7F1292572E300E83D6A /* hollyfoodTests */,
				EF1EA7FB292572E300E83D6A /* hollyfoodUITests */,
				EF1EA7DA292572E200E83D6A /* Products */,
				83DD5A52B721B354DFF23607 /* Pods */,
				34BA5A4244C1FFC5445791BE /* Frameworks */,
			);
			sourceTree = "<group>";
		};
		EF1EA7DA292572E200E83D6A /* Products */ = {
			isa = PBXGroup;
			children = (
				EF1EA7D9292572E200E83D6A /* hollyfood.app */,
				EF1EA7EE292572E300E83D6A /* hollyfoodTests.xctest */,
				EF1EA7F8292572E300E83D6A /* hollyfoodUITests.xctest */,
			);
			name = Products;
			sourceTree = "<group>";
		};
		EF1EA7DB292572E200E83D6A /* hollyfood */ = {
			isa = PBXGroup;
			children = (
				EFC08E152946A35E00971B61 /* Info.plist */,
				EFFC56EC2926C644003D2134 /* Utils */,
				EF1EA80D2925744B00E83D6A /* ViewModel */,
				EF1EA80C2925744400E83D6A /* Model */,
				EF1EA80B2925743700E83D6A /* View */,
				EF1EA7DC292572E200E83D6A /* hollyfoodApp.swift */,
				EF1EA7DE292572E200E83D6A /* ContentView.swift */,
				EF1EA7E0292572E300E83D6A /* Assets.xcassets */,
				EF1EA7E5292572E300E83D6A /* Persistence.swift */,
				EF1EA7E7292572E300E83D6A /* hollyfood.xcdatamodeld */,
				EF1EA7E2292572E300E83D6A /* Preview Content */,
			);
			path = hollyfood;
			sourceTree = "<group>";
		};
		EF1EA7E2292572E300E83D6A /* Preview Content */ = {
			isa = PBXGroup;
			children = (
				EF1EA7E3292572E300E83D6A /* Preview Assets.xcassets */,
			);
			path = "Preview Content";
			sourceTree = "<group>";
		};
		EF1EA7F1292572E300E83D6A /* hollyfoodTests */ = {
			isa = PBXGroup;
			children = (
				EF1EA7F2292572E300E83D6A /* hollyfoodTests.swift */,
			);
			path = hollyfoodTests;
			sourceTree = "<group>";
		};
		EF1EA7FB292572E300E83D6A /* hollyfoodUITests */ = {
			isa = PBXGroup;
			children = (
				EF1EA7FC292572E300E83D6A /* hollyfoodUITests.swift */,
				EF1EA7FE292572E300E83D6A /* hollyfoodUITestsLaunchTests.swift */,
			);
			path = hollyfoodUITests;
			sourceTree = "<group>";
		};
		EF1EA80B2925743700E83D6A /* View */ = {
			isa = PBXGroup;
			children = (
				EF1E07A1294750B70055D7C7 /* Main.storyboard */,
				EF1E07A0294750B70055D7C7 /* ViewController.swift */,
				EF2518E02927ED0F00F9DBD9 /* MyRestaurants.swift */,
				EF1EA8162925839400E83D6A /* Authentification.swift */,
				EF2518DE2927ECEE00F9DBD9 /* Restaurants.swift */,
				EFBAC424292BDA1B00F44908 /* EditProfile.swift */,
				EF77E74B292FD43D00ABEA9B /* ForgotPassword.swift */,
				EF88C6922930EAB6002600C2 /* VerifyAccount.swift */,
				EF77E74D292FE89800ABEA9B /* ResetPassword.swift */,
				EF77E74F292FF31900ABEA9B /* CodeVerification.swift */,
				EF73D84B2933D26700493C41 /* ChangePassword.swift */,
				EF84064C2935F6A6000C380D /* Tab.swift */,
				EFEC600C2937D71200E34C58 /* Menu.swift */,
				EFEC60122937D83900E34C58 /* CategoryButton.swift */,
				EFF76FC02937E9B40018A2FF /* PlateItem.swift */,
				EF94E1F6293BACFF00332CB2 /* PlateDetailShape.swift */,
				EF94E1FE293BC63E00332CB2 /* AddPlate.swift */,
				EF94E200293BD60900332CB2 /* Cart.swift */,
				EFD67CA6293E3595009500A6 /* CartItem.swift */,
				EFD67CAA293E7EE4009500A6 /* CustomCorner.swift */,
				EF099079293EAC2C006785F8 /* AddToCart.swift */,
				EFC01AE329439B4D00928014 /* OrderHistory.swift */,
				EFC01AE529439E8400928014 /* OrderRowView.swift */,
				EFC08E0B2946198500971B61 /* OrderDetail.swift */,
				EFC08E132946866B00971B61 /* MenuQRCode.swift */,
				EF1E07A4294751D20055D7C7 /* GoogleAuthentification.swift */,
				EF15DEC12947BD0600ECC3FB /* EditPlate.swift */,
				EFE98A6F29520BB200C27FCD /* Settings.swift */,
				EF502E7F2954791300CE6B5F /* Translation.swift */,
				69AF55862961BCE1002A619E /* ImagePicker.swift */,
			);
			path = View;
			sourceTree = "<group>";
		};
		EF1EA80C2925744400E83D6A /* Model */ = {
			isa = PBXGroup;
			children = (
				EF1EA8102925747700E83D6A /* User.swift */,
				EFF76FBE2937E6A20018A2FF /* Plate.swift */,
				EFD67CA0293E20D1009500A6 /* Orderline.swift */,
				EF09907B293EFBF5006785F8 /* Order.swift */,
				EFC01AE729439F6400928014 /* Restaurant.swift */,
			);
			path = Model;
			sourceTree = "<group>";
		};
		EF1EA80D2925744B00E83D6A /* ViewModel */ = {
			isa = PBXGroup;
			children = (
				EF1EA80E2925746D00E83D6A /* UserViewModel.swift */,
				EF94E1FA293BC3B700332CB2 /* PlateViewModel.swift */,
				EF94E204293BDFA200332CB2 /* CartViewModel.swift */,
				EFD67CA2293E3352009500A6 /* OrderlineViewModel.swift */,
				EF7BFE6E2940D9C6006FC7CC /* OrderViewModel.swift */,
				EFC08E1129466C1500971B61 /* RestaurantViewModel.swift */,
			);
			path = ViewModel;
			sourceTree = "<group>";
		};
		EFFC56EC2926C644003D2134 /* Utils */ = {
			isa = PBXGroup;
			children = (
				EFFC56ED2926C65F003D2134 /* Statics.swift */,
			);
			path = Utils;
			sourceTree = "<group>";
		};
/* End PBXGroup section */

/* Begin PBXNativeTarget section */
		EF1EA7D8292572E200E83D6A /* hollyfood */ = {
			isa = PBXNativeTarget;
			buildConfigurationList = EF1EA802292572E300E83D6A /* Build configuration list for PBXNativeTarget "hollyfood" */;
			buildPhases = (
				B59EFF28C72A0E02066A11D0 /* [CP] Check Pods Manifest.lock */,
				EF1EA7D5292572E200E83D6A /* Sources */,
				EF1EA7D6292572E200E83D6A /* Frameworks */,
				EF1EA7D7292572E200E83D6A /* Resources */,
				A373383BCF6A2E815A576793 /* [CP] Embed Pods Frameworks */,
			);
			buildRules = (
			);
			dependencies = (
			);
			name = hollyfood;
			productName = hollyfood;
			productReference = EF1EA7D9292572E200E83D6A /* hollyfood.app */;
			productType = "com.apple.product-type.application";
		};
		EF1EA7ED292572E300E83D6A /* hollyfoodTests */ = {
			isa = PBXNativeTarget;
			buildConfigurationList = EF1EA805292572E300E83D6A /* Build configuration list for PBXNativeTarget "hollyfoodTests" */;
			buildPhases = (
				EF1EA7EA292572E300E83D6A /* Sources */,
				EF1EA7EB292572E300E83D6A /* Frameworks */,
				EF1EA7EC292572E300E83D6A /* Resources */,
			);
			buildRules = (
			);
			dependencies = (
				EF1EA7F0292572E300E83D6A /* PBXTargetDependency */,
			);
			name = hollyfoodTests;
			productName = hollyfoodTests;
			productReference = EF1EA7EE292572E300E83D6A /* hollyfoodTests.xctest */;
			productType = "com.apple.product-type.bundle.unit-test";
		};
		EF1EA7F7292572E300E83D6A /* hollyfoodUITests */ = {
			isa = PBXNativeTarget;
			buildConfigurationList = EF1EA808292572E300E83D6A /* Build configuration list for PBXNativeTarget "hollyfoodUITests" */;
			buildPhases = (
				EF1EA7F4292572E300E83D6A /* Sources */,
				EF1EA7F5292572E300E83D6A /* Frameworks */,
				EF1EA7F6292572E300E83D6A /* Resources */,
			);
			buildRules = (
			);
			dependencies = (
				EF1EA7FA292572E300E83D6A /* PBXTargetDependency */,
			);
			name = hollyfoodUITests;
			productName = hollyfoodUITests;
			productReference = EF1EA7F8292572E300E83D6A /* hollyfoodUITests.xctest */;
			productType = "com.apple.product-type.bundle.ui-testing";
		};
/* End PBXNativeTarget section */

/* Begin PBXProject section */
		EF1EA7D1292572E200E83D6A /* Project object */ = {
			isa = PBXProject;
			attributes = {
				BuildIndependentTargetsInParallel = 1;
				LastSwiftUpdateCheck = 1400;
				LastUpgradeCheck = 1400;
				TargetAttributes = {
					EF1EA7D8292572E200E83D6A = {
						CreatedOnToolsVersion = 14.0.1;
					};
					EF1EA7ED292572E300E83D6A = {
						CreatedOnToolsVersion = 14.0.1;
						TestTargetID = EF1EA7D8292572E200E83D6A;
					};
					EF1EA7F7292572E300E83D6A = {
						CreatedOnToolsVersion = 14.0.1;
						TestTargetID = EF1EA7D8292572E200E83D6A;
					};
				};
			};
			buildConfigurationList = EF1EA7D4292572E200E83D6A /* Build configuration list for PBXProject "hollyfood" */;
			compatibilityVersion = "Xcode 14.0";
			developmentRegion = en;
			hasScannedForEncodings = 0;
			knownRegions = (
				en,
				Base,
				ar,
			);
			mainGroup = EF1EA7D0292572E200E83D6A;
			productRefGroup = EF1EA7DA292572E200E83D6A /* Products */;
			projectDirPath = "";
			projectRoot = "";
			targets = (
				EF1EA7D8292572E200E83D6A /* hollyfood */,
				EF1EA7ED292572E300E83D6A /* hollyfoodTests */,
				EF1EA7F7292572E300E83D6A /* hollyfoodUITests */,
			);
		};
/* End PBXProject section */

/* Begin PBXResourcesBuildPhase section */
		EF1EA7D7292572E200E83D6A /* Resources */ = {
			isa = PBXResourcesBuildPhase;
			buildActionMask = 2147483647;
			files = (
				EF1E07A3294750B70055D7C7 /* Main.storyboard in Resources */,
				EF1EA7E4292572E300E83D6A /* Preview Assets.xcassets in Resources */,
				EF1EA7E1292572E300E83D6A /* Assets.xcassets in Resources */,
			);
			runOnlyForDeploymentPostprocessing = 0;
		};
		EF1EA7EC292572E300E83D6A /* Resources */ = {
			isa = PBXResourcesBuildPhase;
			buildActionMask = 2147483647;
			files = (
			);
			runOnlyForDeploymentPostprocessing = 0;
		};
		EF1EA7F6292572E300E83D6A /* Resources */ = {
			isa = PBXResourcesBuildPhase;
			buildActionMask = 2147483647;
			files = (
			);
			runOnlyForDeploymentPostprocessing = 0;
		};
/* End PBXResourcesBuildPhase section */

/* Begin PBXShellScriptBuildPhase section */
		A373383BCF6A2E815A576793 /* [CP] Embed Pods Frameworks */ = {
			isa = PBXShellScriptBuildPhase;
			buildActionMask = 2147483647;
			files = (
			);
			inputFileListPaths = (
				"${PODS_ROOT}/Target Support Files/Pods-hollyfood/Pods-hollyfood-frameworks-${CONFIGURATION}-input-files.xcfilelist",
			);
			name = "[CP] Embed Pods Frameworks";
			outputFileListPaths = (
				"${PODS_ROOT}/Target Support Files/Pods-hollyfood/Pods-hollyfood-frameworks-${CONFIGURATION}-output-files.xcfilelist",
			);
			runOnlyForDeploymentPostprocessing = 0;
			shellPath = /bin/sh;
			shellScript = "\"${PODS_ROOT}/Target Support Files/Pods-hollyfood/Pods-hollyfood-frameworks.sh\"\n";
			showEnvVarsInLog = 0;
		};
		B59EFF28C72A0E02066A11D0 /* [CP] Check Pods Manifest.lock */ = {
			isa = PBXShellScriptBuildPhase;
			buildActionMask = 2147483647;
			files = (
			);
			inputFileListPaths = (
			);
			inputPaths = (
				"${PODS_PODFILE_DIR_PATH}/Podfile.lock",
				"${PODS_ROOT}/Manifest.lock",
			);
			name = "[CP] Check Pods Manifest.lock";
			outputFileListPaths = (
			);
			outputPaths = (
				"$(DERIVED_FILE_DIR)/Pods-hollyfood-checkManifestLockResult.txt",
			);
			runOnlyForDeploymentPostprocessing = 0;
			shellPath = /bin/sh;
			shellScript = "diff \"${PODS_PODFILE_DIR_PATH}/Podfile.lock\" \"${PODS_ROOT}/Manifest.lock\" > /dev/null\nif [ $? != 0 ] ; then\n    # print error to STDERR\n    echo \"error: The sandbox is not in sync with the Podfile.lock. Run 'pod install' or update your CocoaPods installation.\" >&2\n    exit 1\nfi\n# This output is used by Xcode 'outputs' to avoid re-running this script phase.\necho \"SUCCESS\" > \"${SCRIPT_OUTPUT_FILE_0}\"\n";
			showEnvVarsInLog = 0;
		};
/* End PBXShellScriptBuildPhase section */

/* Begin PBXSourcesBuildPhase section */
		EF1EA7D5292572E200E83D6A /* Sources */ = {
			isa = PBXSourcesBuildPhase;
			buildActionMask = 2147483647;
			files = (
				EF1EA8172925839400E83D6A /* Authentification.swift in Sources */,
				EFD67CA7293E3595009500A6 /* CartItem.swift in Sources */,
				EF7BFE6F2940D9C6006FC7CC /* OrderViewModel.swift in Sources */,
				EFD67CA1293E20D1009500A6 /* Orderline.swift in Sources */,
				EFF76FBF2937E6A20018A2FF /* Plate.swift in Sources */,
				EF94E201293BD60900332CB2 /* Cart.swift in Sources */,
				EF1EA7E6292572E300E83D6A /* Persistence.swift in Sources */,
				EFD67CA3293E3352009500A6 /* OrderlineViewModel.swift in Sources */,
				EF2518DF2927ECEE00F9DBD9 /* Restaurants.swift in Sources */,
				EF94E1F7293BACFF00332CB2 /* PlateDetailShape.swift in Sources */,
				EFC08E1229466C1500971B61 /* RestaurantViewModel.swift in Sources */,
				EF2518E12927ED0F00F9DBD9 /* MyRestaurants.swift in Sources */,
				69AF55872961BCE1002A619E /* ImagePicker.swift in Sources */,
				EFD67CAB293E7EE4009500A6 /* CustomCorner.swift in Sources */,
				EF1EA7DF292572E200E83D6A /* ContentView.swift in Sources */,
				EF84064D2935F6A6000C380D /* Tab.swift in Sources */,
				EF94E205293BDFA200332CB2 /* CartViewModel.swift in Sources */,
				EF1EA8112925747700E83D6A /* User.swift in Sources */,
				EF1E07A2294750B70055D7C7 /* ViewController.swift in Sources */,
				EFC01AE629439E8400928014 /* OrderRowView.swift in Sources */,
				EF94E1FF293BC63E00332CB2 /* AddPlate.swift in Sources */,
				EF73D84C2933D26700493C41 /* ChangePassword.swift in Sources */,
				EF1EA7E9292572E300E83D6A /* hollyfood.xcdatamodeld in Sources */,
				EF1EA80F2925746D00E83D6A /* UserViewModel.swift in Sources */,
				EF09907A293EAC2C006785F8 /* AddToCart.swift in Sources */,
				EFBAC425292BDA1B00F44908 /* EditProfile.swift in Sources */,
				EFC01AE829439F6400928014 /* Restaurant.swift in Sources */,
				EFC08E142946866B00971B61 /* MenuQRCode.swift in Sources */,
				EF88C6932930EAB6002600C2 /* VerifyAccount.swift in Sources */,
				EF502E802954791300CE6B5F /* Translation.swift in Sources */,
				EF15DEC22947BD0600ECC3FB /* EditPlate.swift in Sources */,
				EF94E1FB293BC3B700332CB2 /* PlateViewModel.swift in Sources */,
				EFEC600D2937D71200E34C58 /* Menu.swift in Sources */,
				EFC01AE429439B4D00928014 /* OrderHistory.swift in Sources */,
				EF09907C293EFBF5006785F8 /* Order.swift in Sources */,
				EFF76FC12937E9B40018A2FF /* PlateItem.swift in Sources */,
				EF77E74C292FD43D00ABEA9B /* ForgotPassword.swift in Sources */,
				EF77E74E292FE89800ABEA9B /* ResetPassword.swift in Sources */,
				EFC08E0C2946198500971B61 /* OrderDetail.swift in Sources */,
				EF1E07A5294751D20055D7C7 /* GoogleAuthentification.swift in Sources */,
				EFFC56EE2926C65F003D2134 /* Statics.swift in Sources */,
				EFEC60132937D83900E34C58 /* CategoryButton.swift in Sources */,
				EF1EA7DD292572E200E83D6A /* hollyfoodApp.swift in Sources */,
				EFE98A7029520BB200C27FCD /* Settings.swift in Sources */,
				EF77E750292FF31900ABEA9B /* CodeVerification.swift in Sources */,
			);
			runOnlyForDeploymentPostprocessing = 0;
		};
		EF1EA7EA292572E300E83D6A /* Sources */ = {
			isa = PBXSourcesBuildPhase;
			buildActionMask = 2147483647;
			files = (
				EF1EA7F3292572E300E83D6A /* hollyfoodTests.swift in Sources */,
			);
			runOnlyForDeploymentPostprocessing = 0;
		};
		EF1EA7F4292572E300E83D6A /* Sources */ = {
			isa = PBXSourcesBuildPhase;
			buildActionMask = 2147483647;
			files = (
				EF1EA7FD292572E300E83D6A /* hollyfoodUITests.swift in Sources */,
				EF1EA7FF292572E300E83D6A /* hollyfoodUITestsLaunchTests.swift in Sources */,
			);
			runOnlyForDeploymentPostprocessing = 0;
		};
/* End PBXSourcesBuildPhase section */

/* Begin PBXTargetDependency section */
		EF1EA7F0292572E300E83D6A /* PBXTargetDependency */ = {
			isa = PBXTargetDependency;
			target = EF1EA7D8292572E200E83D6A /* hollyfood */;
			targetProxy = EF1EA7EF292572E300E83D6A /* PBXContainerItemProxy */;
		};
		EF1EA7FA292572E300E83D6A /* PBXTargetDependency */ = {
			isa = PBXTargetDependency;
			target = EF1EA7D8292572E200E83D6A /* hollyfood */;
			targetProxy = EF1EA7F9292572E300E83D6A /* PBXContainerItemProxy */;
		};
/* End PBXTargetDependency section */

/* Begin XCBuildConfiguration section */
		EF1EA800292572E300E83D6A /* Debug */ = {
			isa = XCBuildConfiguration;
			buildSettings = {
				ALWAYS_SEARCH_USER_PATHS = NO;
				CLANG_ANALYZER_NONNULL = YES;
				CLANG_ANALYZER_NUMBER_OBJECT_CONVERSION = YES_AGGRESSIVE;
				CLANG_CXX_LANGUAGE_STANDARD = "gnu++20";
				CLANG_ENABLE_MODULES = YES;
				CLANG_ENABLE_OBJC_ARC = YES;
				CLANG_ENABLE_OBJC_WEAK = YES;
				CLANG_WARN_BLOCK_CAPTURE_AUTORELEASING = YES;
				CLANG_WARN_BOOL_CONVERSION = YES;
				CLANG_WARN_COMMA = YES;
				CLANG_WARN_CONSTANT_CONVERSION = YES;
				CLANG_WARN_DEPRECATED_OBJC_IMPLEMENTATIONS = YES;
				CLANG_WARN_DIRECT_OBJC_ISA_USAGE = YES_ERROR;
				CLANG_WARN_DOCUMENTATION_COMMENTS = YES;
				CLANG_WARN_EMPTY_BODY = YES;
				CLANG_WARN_ENUM_CONVERSION = YES;
				CLANG_WARN_INFINITE_RECURSION = YES;
				CLANG_WARN_INT_CONVERSION = YES;
				CLANG_WARN_NON_LITERAL_NULL_CONVERSION = YES;
				CLANG_WARN_OBJC_IMPLICIT_RETAIN_SELF = YES;
				CLANG_WARN_OBJC_LITERAL_CONVERSION = YES;
				CLANG_WARN_OBJC_ROOT_CLASS = YES_ERROR;
				CLANG_WARN_QUOTED_INCLUDE_IN_FRAMEWORK_HEADER = YES;
				CLANG_WARN_RANGE_LOOP_ANALYSIS = YES;
				CLANG_WARN_STRICT_PROTOTYPES = YES;
				CLANG_WARN_SUSPICIOUS_MOVE = YES;
				CLANG_WARN_UNGUARDED_AVAILABILITY = YES_AGGRESSIVE;
				CLANG_WARN_UNREACHABLE_CODE = YES;
				CLANG_WARN__DUPLICATE_METHOD_MATCH = YES;
				COPY_PHASE_STRIP = NO;
				DEBUG_INFORMATION_FORMAT = dwarf;
				ENABLE_STRICT_OBJC_MSGSEND = YES;
				ENABLE_TESTABILITY = YES;
				GCC_C_LANGUAGE_STANDARD = gnu11;
				GCC_DYNAMIC_NO_PIC = NO;
				GCC_NO_COMMON_BLOCKS = YES;
				GCC_OPTIMIZATION_LEVEL = 0;
				GCC_PREPROCESSOR_DEFINITIONS = (
					"DEBUG=1",
					"$(inherited)",
				);
				GCC_WARN_64_TO_32_BIT_CONVERSION = YES;
				GCC_WARN_ABOUT_RETURN_TYPE = YES_ERROR;
				GCC_WARN_UNDECLARED_SELECTOR = YES;
				GCC_WARN_UNINITIALIZED_AUTOS = YES_AGGRESSIVE;
				GCC_WARN_UNUSED_FUNCTION = YES;
				GCC_WARN_UNUSED_VARIABLE = YES;
				IPHONEOS_DEPLOYMENT_TARGET = 16.0;
				MTL_ENABLE_DEBUG_INFO = INCLUDE_SOURCE;
				MTL_FAST_MATH = YES;
				ONLY_ACTIVE_ARCH = YES;
				SDKROOT = iphoneos;
				SWIFT_ACTIVE_COMPILATION_CONDITIONS = DEBUG;
				SWIFT_OPTIMIZATION_LEVEL = "-Onone";
			};
			name = Debug;
		};
		EF1EA801292572E300E83D6A /* Release */ = {
			isa = XCBuildConfiguration;
			buildSettings = {
				ALWAYS_SEARCH_USER_PATHS = NO;
				CLANG_ANALYZER_NONNULL = YES;
				CLANG_ANALYZER_NUMBER_OBJECT_CONVERSION = YES_AGGRESSIVE;
				CLANG_CXX_LANGUAGE_STANDARD = "gnu++20";
				CLANG_ENABLE_MODULES = YES;
				CLANG_ENABLE_OBJC_ARC = YES;
				CLANG_ENABLE_OBJC_WEAK = YES;
				CLANG_WARN_BLOCK_CAPTURE_AUTORELEASING = YES;
				CLANG_WARN_BOOL_CONVERSION = YES;
				CLANG_WARN_COMMA = YES;
				CLANG_WARN_CONSTANT_CONVERSION = YES;
				CLANG_WARN_DEPRECATED_OBJC_IMPLEMENTATIONS = YES;
				CLANG_WARN_DIRECT_OBJC_ISA_USAGE = YES_ERROR;
				CLANG_WARN_DOCUMENTATION_COMMENTS = YES;
				CLANG_WARN_EMPTY_BODY = YES;
				CLANG_WARN_ENUM_CONVERSION = YES;
				CLANG_WARN_INFINITE_RECURSION = YES;
				CLANG_WARN_INT_CONVERSION = YES;
				CLANG_WARN_NON_LITERAL_NULL_CONVERSION = YES;
				CLANG_WARN_OBJC_IMPLICIT_RETAIN_SELF = YES;
				CLANG_WARN_OBJC_LITERAL_CONVERSION = YES;
				CLANG_WARN_OBJC_ROOT_CLASS = YES_ERROR;
				CLANG_WARN_QUOTED_INCLUDE_IN_FRAMEWORK_HEADER = YES;
				CLANG_WARN_RANGE_LOOP_ANALYSIS = YES;
				CLANG_WARN_STRICT_PROTOTYPES = YES;
				CLANG_WARN_SUSPICIOUS_MOVE = YES;
				CLANG_WARN_UNGUARDED_AVAILABILITY = YES_AGGRESSIVE;
				CLANG_WARN_UNREACHABLE_CODE = YES;
				CLANG_WARN__DUPLICATE_METHOD_MATCH = YES;
				COPY_PHASE_STRIP = NO;
				DEBUG_INFORMATION_FORMAT = "dwarf-with-dsym";
				ENABLE_NS_ASSERTIONS = NO;
				ENABLE_STRICT_OBJC_MSGSEND = YES;
				GCC_C_LANGUAGE_STANDARD = gnu11;
				GCC_NO_COMMON_BLOCKS = YES;
				GCC_WARN_64_TO_32_BIT_CONVERSION = YES;
				GCC_WARN_ABOUT_RETURN_TYPE = YES_ERROR;
				GCC_WARN_UNDECLARED_SELECTOR = YES;
				GCC_WARN_UNINITIALIZED_AUTOS = YES_AGGRESSIVE;
				GCC_WARN_UNUSED_FUNCTION = YES;
				GCC_WARN_UNUSED_VARIABLE = YES;
				IPHONEOS_DEPLOYMENT_TARGET = 16.0;
				MTL_ENABLE_DEBUG_INFO = NO;
				MTL_FAST_MATH = YES;
				SDKROOT = iphoneos;
				SWIFT_COMPILATION_MODE = wholemodule;
				SWIFT_OPTIMIZATION_LEVEL = "-O";
				VALIDATE_PRODUCT = YES;
			};
			name = Release;
		};
		EF1EA803292572E300E83D6A /* Debug */ = {
			isa = XCBuildConfiguration;
			baseConfigurationReference = 9DFD2BC07066C504EA1F9278 /* Pods-hollyfood.debug.xcconfig */;
			buildSettings = {
				ASSETCATALOG_COMPILER_APPICON_NAME = AppIcon;
				ASSETCATALOG_COMPILER_GLOBAL_ACCENT_COLOR_NAME = AccentColor;
				CODE_SIGN_STYLE = Automatic;
				CURRENT_PROJECT_VERSION = 1;
				DEVELOPMENT_ASSET_PATHS = "\"hollyfood/Preview Content\"";
				ENABLE_PREVIEWS = YES;
				GENERATE_INFOPLIST_FILE = YES;
				INFOPLIST_FILE = hollyfood/Info.plist;
				INFOPLIST_KEY_NSFaceIDUsageDescription = "Login With Face ID";
				INFOPLIST_KEY_UIApplicationSceneManifest_Generation = YES;
				INFOPLIST_KEY_UIApplicationSupportsIndirectInputEvents = YES;
				INFOPLIST_KEY_UILaunchScreen_Generation = YES;
				INFOPLIST_KEY_UISupportedInterfaceOrientations_iPad = "UIInterfaceOrientationPortrait UIInterfaceOrientationPortraitUpsideDown UIInterfaceOrientationLandscapeLeft UIInterfaceOrientationLandscapeRight";
				INFOPLIST_KEY_UISupportedInterfaceOrientations_iPhone = "UIInterfaceOrientationPortrait UIInterfaceOrientationLandscapeLeft UIInterfaceOrientationLandscapeRight";
				LD_RUNPATH_SEARCH_PATHS = (
					"$(inherited)",
					"@executable_path/Frameworks",
				);
				MARKETING_VERSION = 1.0;
				PRODUCT_BUNDLE_IDENTIFIER = "HollyfoodApp-IOS.hollyfood";
				PRODUCT_NAME = "$(TARGET_NAME)";
				SWIFT_EMIT_LOC_STRINGS = YES;
				SWIFT_VERSION = 5.0;
				TARGETED_DEVICE_FAMILY = "1,2";
			};
			name = Debug;
		};
		EF1EA804292572E300E83D6A /* Release */ = {
			isa = XCBuildConfiguration;
			baseConfigurationReference = C3D0185CCF59D047465FB350 /* Pods-hollyfood.release.xcconfig */;
			buildSettings = {
				ASSETCATALOG_COMPILER_APPICON_NAME = AppIcon;
				ASSETCATALOG_COMPILER_GLOBAL_ACCENT_COLOR_NAME = AccentColor;
				CODE_SIGN_STYLE = Automatic;
				CURRENT_PROJECT_VERSION = 1;
				DEVELOPMENT_ASSET_PATHS = "\"hollyfood/Preview Content\"";
				ENABLE_PREVIEWS = YES;
				GENERATE_INFOPLIST_FILE = YES;
				INFOPLIST_FILE = hollyfood/Info.plist;
				INFOPLIST_KEY_NSFaceIDUsageDescription = "Login With Face ID";
				INFOPLIST_KEY_UIApplicationSceneManifest_Generation = YES;
				INFOPLIST_KEY_UIApplicationSupportsIndirectInputEvents = YES;
				INFOPLIST_KEY_UILaunchScreen_Generation = YES;
				INFOPLIST_KEY_UISupportedInterfaceOrientations_iPad = "UIInterfaceOrientationPortrait UIInterfaceOrientationPortraitUpsideDown UIInterfaceOrientationLandscapeLeft UIInterfaceOrientationLandscapeRight";
				INFOPLIST_KEY_UISupportedInterfaceOrientations_iPhone = "UIInterfaceOrientationPortrait UIInterfaceOrientationLandscapeLeft UIInterfaceOrientationLandscapeRight";
				LD_RUNPATH_SEARCH_PATHS = (
					"$(inherited)",
					"@executable_path/Frameworks",
				);
				MARKETING_VERSION = 1.0;
				PRODUCT_BUNDLE_IDENTIFIER = "HollyfoodApp-IOS.hollyfood";
				PRODUCT_NAME = "$(TARGET_NAME)";
				SWIFT_EMIT_LOC_STRINGS = YES;
				SWIFT_VERSION = 5.0;
				TARGETED_DEVICE_FAMILY = "1,2";
			};
			name = Release;
		};
		EF1EA806292572E300E83D6A /* Debug */ = {
			isa = XCBuildConfiguration;
			buildSettings = {
				ALWAYS_EMBED_SWIFT_STANDARD_LIBRARIES = YES;
				BUNDLE_LOADER = "$(TEST_HOST)";
				CODE_SIGN_STYLE = Automatic;
				CURRENT_PROJECT_VERSION = 1;
				GENERATE_INFOPLIST_FILE = YES;
				INFOPLIST_KEY_LSApplicationCategoryType = "";
				INFOPLIST_KEY_NSFaceIDUsageDescription = "Login With Face ID";
				IPHONEOS_DEPLOYMENT_TARGET = 16.0;
				MARKETING_VERSION = 1.0;
				PRODUCT_BUNDLE_IDENTIFIER = "HollyfoodApp-IOS.hollyfoodTests";
				PRODUCT_NAME = "$(TARGET_NAME)";
				SWIFT_EMIT_LOC_STRINGS = NO;
				SWIFT_VERSION = 5.0;
				TARGETED_DEVICE_FAMILY = "1,2";
				TEST_HOST = "$(BUILT_PRODUCTS_DIR)/hollyfood.app/$(BUNDLE_EXECUTABLE_FOLDER_PATH)/hollyfood";
			};
			name = Debug;
		};
		EF1EA807292572E300E83D6A /* Release */ = {
			isa = XCBuildConfiguration;
			buildSettings = {
				ALWAYS_EMBED_SWIFT_STANDARD_LIBRARIES = YES;
				BUNDLE_LOADER = "$(TEST_HOST)";
				CODE_SIGN_STYLE = Automatic;
				CURRENT_PROJECT_VERSION = 1;
				GENERATE_INFOPLIST_FILE = YES;
				INFOPLIST_KEY_LSApplicationCategoryType = "";
				INFOPLIST_KEY_NSFaceIDUsageDescription = "Login With Face ID";
				IPHONEOS_DEPLOYMENT_TARGET = 16.0;
				MARKETING_VERSION = 1.0;
				PRODUCT_BUNDLE_IDENTIFIER = "HollyfoodApp-IOS.hollyfoodTests";
				PRODUCT_NAME = "$(TARGET_NAME)";
				SWIFT_EMIT_LOC_STRINGS = NO;
				SWIFT_VERSION = 5.0;
				TARGETED_DEVICE_FAMILY = "1,2";
				TEST_HOST = "$(BUILT_PRODUCTS_DIR)/hollyfood.app/$(BUNDLE_EXECUTABLE_FOLDER_PATH)/hollyfood";
			};
			name = Release;
		};
		EF1EA809292572E300E83D6A /* Debug */ = {
			isa = XCBuildConfiguration;
			buildSettings = {
				ALWAYS_EMBED_SWIFT_STANDARD_LIBRARIES = YES;
				CODE_SIGN_STYLE = Automatic;
				CURRENT_PROJECT_VERSION = 1;
				GENERATE_INFOPLIST_FILE = YES;
				INFOPLIST_KEY_NSFaceIDUsageDescription = "Login With Face ID";
				MARKETING_VERSION = 1.0;
				PRODUCT_BUNDLE_IDENTIFIER = "HollyfoodApp-IOS.hollyfoodUITests";
				PRODUCT_NAME = "$(TARGET_NAME)";
				SWIFT_EMIT_LOC_STRINGS = NO;
				SWIFT_VERSION = 5.0;
				TARGETED_DEVICE_FAMILY = "1,2";
				TEST_TARGET_NAME = hollyfood;
			};
			name = Debug;
		};
		EF1EA80A292572E300E83D6A /* Release */ = {
			isa = XCBuildConfiguration;
			buildSettings = {
				ALWAYS_EMBED_SWIFT_STANDARD_LIBRARIES = YES;
				CODE_SIGN_STYLE = Automatic;
				CURRENT_PROJECT_VERSION = 1;
				GENERATE_INFOPLIST_FILE = YES;
				INFOPLIST_KEY_NSFaceIDUsageDescription = "Login With Face ID";
				MARKETING_VERSION = 1.0;
				PRODUCT_BUNDLE_IDENTIFIER = "HollyfoodApp-IOS.hollyfoodUITests";
				PRODUCT_NAME = "$(TARGET_NAME)";
				SWIFT_EMIT_LOC_STRINGS = NO;
				SWIFT_VERSION = 5.0;
				TARGETED_DEVICE_FAMILY = "1,2";
				TEST_TARGET_NAME = hollyfood;
			};
			name = Release;
		};
/* End XCBuildConfiguration section */

/* Begin XCConfigurationList section */
		EF1EA7D4292572E200E83D6A /* Build configuration list for PBXProject "hollyfood" */ = {
			isa = XCConfigurationList;
			buildConfigurations = (
				EF1EA800292572E300E83D6A /* Debug */,
				EF1EA801292572E300E83D6A /* Release */,
			);
			defaultConfigurationIsVisible = 0;
			defaultConfigurationName = Release;
		};
		EF1EA802292572E300E83D6A /* Build configuration list for PBXNativeTarget "hollyfood" */ = {
			isa = XCConfigurationList;
			buildConfigurations = (
				EF1EA803292572E300E83D6A /* Debug */,
				EF1EA804292572E300E83D6A /* Release */,
			);
			defaultConfigurationIsVisible = 0;
			defaultConfigurationName = Release;
		};
		EF1EA805292572E300E83D6A /* Build configuration list for PBXNativeTarget "hollyfoodTests" */ = {
			isa = XCConfigurationList;
			buildConfigurations = (
				EF1EA806292572E300E83D6A /* Debug */,
				EF1EA807292572E300E83D6A /* Release */,
			);
			defaultConfigurationIsVisible = 0;
			defaultConfigurationName = Release;
		};
		EF1EA808292572E300E83D6A /* Build configuration list for PBXNativeTarget "hollyfoodUITests" */ = {
			isa = XCConfigurationList;
			buildConfigurations = (
				EF1EA809292572E300E83D6A /* Debug */,
				EF1EA80A292572E300E83D6A /* Release */,
			);
			defaultConfigurationIsVisible = 0;
			defaultConfigurationName = Release;
		};
/* End XCConfigurationList section */

/* Begin XCVersionGroup section */
		EF1EA7E7292572E300E83D6A /* hollyfood.xcdatamodeld */ = {
			isa = XCVersionGroup;
			children = (
				EF1EA7E8292572E300E83D6A /* hollyfood.xcdatamodel */,
			);
			currentVersion = EF1EA7E8292572E300E83D6A /* hollyfood.xcdatamodel */;
			path = hollyfood.xcdatamodeld;
			sourceTree = "<group>";
			versionGroupType = wrapper.xcdatamodel;
		};
/* End XCVersionGroup section */
	};
	rootObject = EF1EA7D1292572E200E83D6A /* Project object */;
}
